
Microsoft Visual Studio Solution File, Format Version 12.00
# Visual Studio Version 17
VisualStudioVersion = 17.6.33829.357
MinimumVisualStudioVersion = 10.0.40219.1
Project("{FAE04EC0-301F-11D3-BF4B-00C04F79EFBC}") = "SrezApp", "SrezApp\SrezApp.csproj", "{71A94CFE-BF5F-47CE-9D70-4382CA58A93A}"
EndProject
Global
	GlobalSection(SolutionConfigurationPlatforms) = preSolution
		Debug|Any CPU = Debug|Any CPU
		Release|Any CPU = Release|Any CPU
	EndGlobalSection
	GlobalSection(ProjectConfigurationPlatforms) = postSolution
		{71A94CFE-BF5F-47CE-9D70-4382CA58A93A}.Debug|Any CPU.ActiveCfg = Debug|Any CPU
		{71A94CFE-BF5F-47CE-9D70-4382CA58A93A}.Debug|Any CPU.Build.0 = Debug|Any CPU
		{71A94CFE-BF5F-47CE-9D70-4382CA58A93A}.Release|Any CPU.ActiveCfg = Release|Any CPU
		{71A94CFE-BF5F-47CE-9D70-4382CA58A93A}.Release|Any CPU.Build.0 = Release|Any CPU
	EndGlobalSection
	GlobalSection(SolutionProperties) = preSolution
		HideSolutionNode = FALSE
	EndGlobalSection
	GlobalSection(ExtensibilityGlobals) = postSolution
		SolutionGuid = {285A24DD-6E29-418B-A983-26B79E374813}
	EndGlobalSection
EndGlobal
